// !$*UTF8*$!
{
	archiveVersion = 1;
	classes = {
	};
	objectVersion = 46;
	objects = {

/* Begin PBXBuildFile section */
		330632AC1DC3932F004ADEB7 /* AmericanSans-Bold.ttf in Resources */ = {isa = PBXBuildFile; fileRef = 330632A11DC3932F004ADEB7 /* AmericanSans-Bold.ttf */; };
		330632AD1DC3932F004ADEB7 /* AmericanSans-BoldItalic.ttf in Resources */ = {isa = PBXBuildFile; fileRef = 330632A21DC3932F004ADEB7 /* AmericanSans-BoldItalic.ttf */; };
		330632AE1DC3932F004ADEB7 /* AmericanSans-Book.ttf in Resources */ = {isa = PBXBuildFile; fileRef = 330632A31DC3932F004ADEB7 /* AmericanSans-Book.ttf */; };
		330632AF1DC3932F004ADEB7 /* AmericanSans-BookItalic.ttf in Resources */ = {isa = PBXBuildFile; fileRef = 330632A41DC3932F004ADEB7 /* AmericanSans-BookItalic.ttf */; };
		330632B01DC3932F004ADEB7 /* AmericanSans-Italic.ttf in Resources */ = {isa = PBXBuildFile; fileRef = 330632A51DC3932F004ADEB7 /* AmericanSans-Italic.ttf */; };
		330632B11DC3932F004ADEB7 /* AmericanSans-Light.ttf in Resources */ = {isa = PBXBuildFile; fileRef = 330632A61DC3932F004ADEB7 /* AmericanSans-Light.ttf */; };
		330632B21DC3932F004ADEB7 /* AmericanSans-LightItalic.ttf in Resources */ = {isa = PBXBuildFile; fileRef = 330632A71DC3932F004ADEB7 /* AmericanSans-LightItalic.ttf */; };
		330632B31DC3932F004ADEB7 /* AmericanSans-Medium.otf in Resources */ = {isa = PBXBuildFile; fileRef = 330632A81DC3932F004ADEB7 /* AmericanSans-Medium.otf */; };
		330632B41DC3932F004ADEB7 /* AmericanSans-MediumItalic.otf in Resources */ = {isa = PBXBuildFile; fileRef = 330632A91DC3932F004ADEB7 /* AmericanSans-MediumItalic.otf */; };
		330632B51DC3932F004ADEB7 /* AmericanSans-Regular.otf in Resources */ = {isa = PBXBuildFile; fileRef = 330632AA1DC3932F004ADEB7 /* AmericanSans-Regular.otf */; };
		330632B61DC3932F004ADEB7 /* AmericanSans-Regular.ttf in Resources */ = {isa = PBXBuildFile; fileRef = 330632AB1DC3932F004ADEB7 /* AmericanSans-Regular.ttf */; };
		330632B91DC3978C004ADEB7 /* UILabel+LineSpacing.swift in Sources */ = {isa = PBXBuildFile; fileRef = 330632B81DC3978C004ADEB7 /* UILabel+LineSpacing.swift */; };
		330632BB1DC39FEA004ADEB7 /* splashTwoVC.swift in Sources */ = {isa = PBXBuildFile; fileRef = 330632BA1DC39FEA004ADEB7 /* splashTwoVC.swift */; };
		330632BD1DC3A052004ADEB7 /* splashThreeVC.swift in Sources */ = {isa = PBXBuildFile; fileRef = 330632BC1DC3A052004ADEB7 /* splashThreeVC.swift */; };
		330632BF1DC3A0DA004ADEB7 /* splashFourVC.swift in Sources */ = {isa = PBXBuildFile; fileRef = 330632BE1DC3A0DA004ADEB7 /* splashFourVC.swift */; };
		330632C11DC3A15C004ADEB7 /* splashFiveVC.swift in Sources */ = {isa = PBXBuildFile; fileRef = 330632C01DC3A15C004ADEB7 /* splashFiveVC.swift */; };
		330632C31DC3A1B7004ADEB7 /* splashSixVC.swift in Sources */ = {isa = PBXBuildFile; fileRef = 330632C21DC3A1B7004ADEB7 /* splashSixVC.swift */; };
		330632C51DC3A216004ADEB7 /* splashSevenVC.swift in Sources */ = {isa = PBXBuildFile; fileRef = 330632C41DC3A216004ADEB7 /* splashSevenVC.swift */; };
		330632C71DC3A278004ADEB7 /* splashEightVC.swift in Sources */ = {isa = PBXBuildFile; fileRef = 330632C61DC3A278004ADEB7 /* splashEightVC.swift */; };
		330632C91DC77F0F004ADEB7 /* countriesListTVC.swift in Sources */ = {isa = PBXBuildFile; fileRef = 330632C81DC77F0F004ADEB7 /* countriesListTVC.swift */; };
		334B6E781DB9B95A002FF8B7 /* paymentDaysTVC.swift in Sources */ = {isa = PBXBuildFile; fileRef = 334B6E771DB9B95A002FF8B7 /* paymentDaysTVC.swift */; };
		335116BA1DB99B68005FD2F4 /* autoFunctions.swift in Sources */ = {isa = PBXBuildFile; fileRef = 335116B91DB99B68005FD2F4 /* autoFunctions.swift */; };
		335116BC1DB99BDE005FD2F4 /* UIView+TextFieldDelegate.swift in Sources */ = {isa = PBXBuildFile; fileRef = 335116BB1DB99BDE005FD2F4 /* UIView+TextFieldDelegate.swift */; };
		3363F74B1DBE5E8400F375F3 /* paperlessDisclosuresVC.swift in Sources */ = {isa = PBXBuildFile; fileRef = 3363F74A1DBE5E8400F375F3 /* paperlessDisclosuresVC.swift */; };
		3363F74D1DBE7ED600F375F3 /* paperlessStatementsVC.swift in Sources */ = {isa = PBXBuildFile; fileRef = 3363F74C1DBE7ED600F375F3 /* paperlessStatementsVC.swift */; };
		3363F74F1DBE8CE200F375F3 /* customNavigationBar.swift in Sources */ = {isa = PBXBuildFile; fileRef = 3363F74E1DBE8CE200F375F3 /* customNavigationBar.swift */; };
		3363F7511DBFA4D200F375F3 /* customNavigationController.swift in Sources */ = {isa = PBXBuildFile; fileRef = 3363F7501DBFA4D200F375F3 /* customNavigationController.swift */; };
		3363F7531DBFD62C00F375F3 /* UIView+SuccessScreen.swift in Sources */ = {isa = PBXBuildFile; fileRef = 3363F7521DBFD62C00F375F3 /* UIView+SuccessScreen.swift */; };
		3363F7551DBFE5B900F375F3 /* UIViewControllerBaseClass.swift in Sources */ = {isa = PBXBuildFile; fileRef = 3363F7541DBFE5B900F375F3 /* UIViewControllerBaseClass.swift */; };
		3363F7581DC0F36800F375F3 /* touchIDSettingsVC.swift in Sources */ = {isa = PBXBuildFile; fileRef = 3363F7571DC0F36800F375F3 /* touchIDSettingsVC.swift */; };
		3363F75B1DC0F5F800F375F3 /* ficoSettingsVC.swift in Sources */ = {isa = PBXBuildFile; fileRef = 3363F75A1DC0F5F800F375F3 /* ficoSettingsVC.swift */; };
		3363F75D1DC10C3E00F375F3 /* customColors.swift in Sources */ = {isa = PBXBuildFile; fileRef = 3363F75C1DC10C3E00F375F3 /* customColors.swift */; };
		337D04991DBBE338001AAABF /* splashOneVC.swift in Sources */ = {isa = PBXBuildFile; fileRef = 337D04981DBBE338001AAABF /* splashOneVC.swift */; };
		3382AFD71DD4C6110078E8C8 /* servicingSettingsVC.swift in Sources */ = {isa = PBXBuildFile; fileRef = 3382AFD61DD4C6110078E8C8 /* servicingSettingsVC.swift */; };
		33C9DDCB1DB6597700D29065 /* AppDelegate.swift in Sources */ = {isa = PBXBuildFile; fileRef = 33C9DDCA1DB6597700D29065 /* AppDelegate.swift */; };
		33C9DDCD1DB6597700D29065 /* MainViewController.swift in Sources */ = {isa = PBXBuildFile; fileRef = 33C9DDCC1DB6597700D29065 /* MainViewController.swift */; };
		33C9DDD01DB6597700D29065 /* Main.storyboard in Resources */ = {isa = PBXBuildFile; fileRef = 33C9DDCE1DB6597700D29065 /* Main.storyboard */; };
		33C9DDD21DB6597700D29065 /* Assets.xcassets in Resources */ = {isa = PBXBuildFile; fileRef = 33C9DDD11DB6597700D29065 /* Assets.xcassets */; };
		33C9DDD51DB6597700D29065 /* LaunchScreen.storyboard in Resources */ = {isa = PBXBuildFile; fileRef = 33C9DDD31DB6597700D29065 /* LaunchScreen.storyboard */; };
		33C9DDDD1DB65CF900D29065 /* primaryEnabledUIButton.swift in Sources */ = {isa = PBXBuildFile; fileRef = 33C9DDDC1DB65CF900D29065 /* primaryEnabledUIButton.swift */; };
		33C9DDE21DB67DDB00D29065 /* fullNameUITableViewCell.swift in Sources */ = {isa = PBXBuildFile; fileRef = 33C9DDE01DB67DDB00D29065 /* fullNameUITableViewCell.swift */; };
		33C9DDE31DB67DDB00D29065 /* fullNameUITableViewCell.xib in Resources */ = {isa = PBXBuildFile; fileRef = 33C9DDE11DB67DDB00D29065 /* fullNameUITableViewCell.xib */; };
		33C9DDE61DB6825B00D29065 /* formUITextField.swift in Sources */ = {isa = PBXBuildFile; fileRef = 33C9DDE51DB6825B00D29065 /* formUITextField.swift */; };
		33C9DDEB1DB691C300D29065 /* fullNameUIViewController.swift in Sources */ = {isa = PBXBuildFile; fileRef = 33C9DDEA1DB691C300D29065 /* fullNameUIViewController.swift */; };
		33C9DDEE1DB6C07C00D29065 /* dobUITableViewCell.swift in Sources */ = {isa = PBXBuildFile; fileRef = 33C9DDEC1DB6C07C00D29065 /* dobUITableViewCell.swift */; };
		33C9DDEF1DB6C07C00D29065 /* dobUITableViewCell.xib in Resources */ = {isa = PBXBuildFile; fileRef = 33C9DDED1DB6C07C00D29065 /* dobUITableViewCell.xib */; };
		33C9DDF41DB6EB8200D29065 /* relationshipUITableViewCell.swift in Sources */ = {isa = PBXBuildFile; fileRef = 33C9DDF21DB6EB8200D29065 /* relationshipUITableViewCell.swift */; };
		33C9DDF51DB6EB8200D29065 /* relationshipUITableViewCell.xib in Resources */ = {isa = PBXBuildFile; fileRef = 33C9DDF31DB6EB8200D29065 /* relationshipUITableViewCell.xib */; };
		33C9DDF71DB7120300D29065 /* relationshipUITableViewController.swift in Sources */ = {isa = PBXBuildFile; fileRef = 33C9DDF61DB7120300D29065 /* relationshipUITableViewController.swift */; };
		33C9DDFD1DB79FB800D29065 /* citizenUITableViewCell.swift in Sources */ = {isa = PBXBuildFile; fileRef = 33C9DDFB1DB79FB800D29065 /* citizenUITableViewCell.swift */; };
		33C9DDFE1DB79FB800D29065 /* citizenUITableViewCell.xib in Resources */ = {isa = PBXBuildFile; fileRef = 33C9DDFC1DB79FB800D29065 /* citizenUITableViewCell.xib */; };
		33C9DE011DB7A58F00D29065 /* addressUITableViewCell.swift in Sources */ = {isa = PBXBuildFile; fileRef = 33C9DDFF1DB7A58F00D29065 /* addressUITableViewCell.swift */; };
		33C9DE021DB7A58F00D29065 /* addressUITableViewCell.xib in Resources */ = {isa = PBXBuildFile; fileRef = 33C9DE001DB7A58F00D29065 /* addressUITableViewCell.xib */; };
		33C9DE041DB7B02300D29065 /* pillLightUIButton.swift in Sources */ = {isa = PBXBuildFile; fileRef = 33C9DE031DB7B02300D29065 /* pillLightUIButton.swift */; };
		33C9DE091DB828B500D29065 /* btnBottomUIButton.swift in Sources */ = {isa = PBXBuildFile; fileRef = 33C9DE081DB828B500D29065 /* btnBottomUIButton.swift */; };
		33C9DE0B1DB82CE900D29065 /* delayedSuccessScreen.swift in Sources */ = {isa = PBXBuildFile; fileRef = 33C9DE0A1DB82CE900D29065 /* delayedSuccessScreen.swift */; };
		33C9DE0E1DB92AE200D29065 /* repeatPaymentsUIViewController.swift in Sources */ = {isa = PBXBuildFile; fileRef = 33C9DE0D1DB92AE200D29065 /* repeatPaymentsUIViewController.swift */; };
		33C9DE121DB92EFA00D29065 /* whichAccountTableViewCell.swift in Sources */ = {isa = PBXBuildFile; fileRef = 33C9DE101DB92EFA00D29065 /* whichAccountTableViewCell.swift */; };
		33C9DE131DB92EFA00D29065 /* whichAccountTableViewCell.xib in Resources */ = {isa = PBXBuildFile; fileRef = 33C9DE111DB92EFA00D29065 /* whichAccountTableViewCell.xib */; };
		33C9DE161DB933CA00D29065 /* amountTableViewCell.swift in Sources */ = {isa = PBXBuildFile; fileRef = 33C9DE141DB933CA00D29065 /* amountTableViewCell.swift */; };
		33C9DE171DB933CB00D29065 /* amountTableViewCell.xib in Resources */ = {isa = PBXBuildFile; fileRef = 33C9DE151DB933CA00D29065 /* amountTableViewCell.xib */; };
		33C9DE1A1DB9352E00D29065 /* paymentDateTableViewCell.swift in Sources */ = {isa = PBXBuildFile; fileRef = 33C9DE181DB9352E00D29065 /* paymentDateTableViewCell.swift */; };
		33C9DE1B1DB9352E00D29065 /* paymentDateTableViewCell.xib in Resources */ = {isa = PBXBuildFile; fileRef = 33C9DE191DB9352E00D29065 /* paymentDateTableViewCell.xib */; };
		33C9DE1D1DB9393F00D29065 /* bankAccountListTVC.swift in Sources */ = {isa = PBXBuildFile; fileRef = 33C9DE1C1DB9393F00D29065 /* bankAccountListTVC.swift */; };
		33C9DE1F1DB93DB700D29065 /* newAccountDetailsVC.swift in Sources */ = {isa = PBXBuildFile; fileRef = 33C9DE1E1DB93DB700D29065 /* newAccountDetailsVC.swift */; };
		33C9DE221DB959C600D29065 /* routingTableViewCell.swift in Sources */ = {isa = PBXBuildFile; fileRef = 33C9DE201DB959C600D29065 /* routingTableViewCell.swift */; };
		33C9DE231DB959C600D29065 /* routingTableViewCell.xib in Resources */ = {isa = PBXBuildFile; fileRef = 33C9DE211DB959C600D29065 /* routingTableViewCell.xib */; };
		33C9DE261DB95D9A00D29065 /* accountTableViewCell.swift in Sources */ = {isa = PBXBuildFile; fileRef = 33C9DE241DB95D9A00D29065 /* accountTableViewCell.swift */; };
		33C9DE271DB95D9A00D29065 /* accountTableViewCell.xib in Resources */ = {isa = PBXBuildFile; fileRef = 33C9DE251DB95D9A00D29065 /* accountTableViewCell.xib */; };
		33C9DE2A1DB95E8700D29065 /* reaccountTableViewCell.swift in Sources */ = {isa = PBXBuildFile; fileRef = 33C9DE281DB95E8700D29065 /* reaccountTableViewCell.swift */; };
		33C9DE2B1DB95E8700D29065 /* reaccountTableViewCell.xib in Resources */ = {isa = PBXBuildFile; fileRef = 33C9DE291DB95E8700D29065 /* reaccountTableViewCell.xib */; };
		33C9DE2E1DB95F6A00D29065 /* typeTableViewCell.swift in Sources */ = {isa = PBXBuildFile; fileRef = 33C9DE2C1DB95F6A00D29065 /* typeTableViewCell.swift */; };
		33C9DE2F1DB95F6A00D29065 /* typeTableViewCell.xib in Resources */ = {isa = PBXBuildFile; fileRef = 33C9DE2D1DB95F6A00D29065 /* typeTableViewCell.xib */; };
		33C9DE321DB960F900D29065 /* nicknameTableViewCell.swift in Sources */ = {isa = PBXBuildFile; fileRef = 33C9DE301DB960F900D29065 /* nicknameTableViewCell.swift */; };
		33C9DE331DB960F900D29065 /* nicknameTableViewCell.xib in Resources */ = {isa = PBXBuildFile; fileRef = 33C9DE311DB960F900D29065 /* nicknameTableViewCell.xib */; };
		33C9DE351DB9658000D29065 /* newAcctTypeTVC.swift in Sources */ = {isa = PBXBuildFile; fileRef = 33C9DE341DB9658000D29065 /* newAcctTypeTVC.swift */; };
		33C9DE371DB96E5700D29065 /* paymentAmountsTVC.swift in Sources */ = {isa = PBXBuildFile; fileRef = 33C9DE361DB96E5700D29065 /* paymentAmountsTVC.swift */; };
		33DF97AE1DCA5ED600329650 /* maxLengthTextField.swift in Sources */ = {isa = PBXBuildFile; fileRef = 33DF97AD1DCA5ED600329650 /* maxLengthTextField.swift */; };
		33DF97B01DCA5F3100329650 /* allowedCharsTextField.swift in Sources */ = {isa = PBXBuildFile; fileRef = 33DF97AF1DCA5F3100329650 /* allowedCharsTextField.swift */; };
		33DF97B21DCB765400329650 /* TEMPTableViewController.swift in Sources */ = {isa = PBXBuildFile; fileRef = 33DF97B11DCB765400329650 /* TEMPTableViewController.swift */; };
		33DF97B41DCB924000329650 /* UITableViewCellSelected.swift in Sources */ = {isa = PBXBuildFile; fileRef = 33DF97B31DCB924000329650 /* UITableViewCellSelected.swift */; };
		33F3EFC71DBA538B00DFCFF6 /* servicingAlertsVC.swift in Sources */ = {isa = PBXBuildFile; fileRef = 33F3EFC61DBA538B00DFCFF6 /* servicingAlertsVC.swift */; };
		33F3EFCB1DBA568600DFCFF6 /* servicingAlertTableViewCell.swift in Sources */ = {isa = PBXBuildFile; fileRef = 33F3EFC91DBA568600DFCFF6 /* servicingAlertTableViewCell.swift */; };
		33F3EFCC1DBA568600DFCFF6 /* servicingAlertTableViewCell.xib in Resources */ = {isa = PBXBuildFile; fileRef = 33F3EFCA1DBA568600DFCFF6 /* servicingAlertTableViewCell.xib */; };
/* End PBXBuildFile section */

/* Begin PBXFileReference section */
		330632A11DC3932F004ADEB7 /* AmericanSans-Bold.ttf */ = {isa = PBXFileReference; lastKnownFileType = file; name = "AmericanSans-Bold.ttf"; path = "../AmericanSans-Bold.ttf"; sourceTree = "<group>"; };
		330632A21DC3932F004ADEB7 /* AmericanSans-BoldItalic.ttf */ = {isa = PBXFileReference; lastKnownFileType = file; name = "AmericanSans-BoldItalic.ttf"; path = "../AmericanSans-BoldItalic.ttf"; sourceTree = "<group>"; };
		330632A31DC3932F004ADEB7 /* AmericanSans-Book.ttf */ = {isa = PBXFileReference; lastKnownFileType = file; name = "AmericanSans-Book.ttf"; path = "../AmericanSans-Book.ttf"; sourceTree = "<group>"; };
		330632A41DC3932F004ADEB7 /* AmericanSans-BookItalic.ttf */ = {isa = PBXFileReference; lastKnownFileType = file; name = "AmericanSans-BookItalic.ttf"; path = "../AmericanSans-BookItalic.ttf"; sourceTree = "<group>"; };
		330632A51DC3932F004ADEB7 /* AmericanSans-Italic.ttf */ = {isa = PBXFileReference; lastKnownFileType = file; name = "AmericanSans-Italic.ttf"; path = "../AmericanSans-Italic.ttf"; sourceTree = "<group>"; };
		330632A61DC3932F004ADEB7 /* AmericanSans-Light.ttf */ = {isa = PBXFileReference; lastKnownFileType = file; name = "AmericanSans-Light.ttf"; path = "../AmericanSans-Light.ttf"; sourceTree = "<group>"; };
		330632A71DC3932F004ADEB7 /* AmericanSans-LightItalic.ttf */ = {isa = PBXFileReference; lastKnownFileType = file; name = "AmericanSans-LightItalic.ttf"; path = "../AmericanSans-LightItalic.ttf"; sourceTree = "<group>"; };
		330632A81DC3932F004ADEB7 /* AmericanSans-Medium.otf */ = {isa = PBXFileReference; lastKnownFileType = file; name = "AmericanSans-Medium.otf"; path = "../AmericanSans-Medium.otf"; sourceTree = "<group>"; };
		330632A91DC3932F004ADEB7 /* AmericanSans-MediumItalic.otf */ = {isa = PBXFileReference; lastKnownFileType = file; name = "AmericanSans-MediumItalic.otf"; path = "../AmericanSans-MediumItalic.otf"; sourceTree = "<group>"; };
		330632AA1DC3932F004ADEB7 /* AmericanSans-Regular.otf */ = {isa = PBXFileReference; lastKnownFileType = file; name = "AmericanSans-Regular.otf"; path = "../AmericanSans-Regular.otf"; sourceTree = "<group>"; };
		330632AB1DC3932F004ADEB7 /* AmericanSans-Regular.ttf */ = {isa = PBXFileReference; lastKnownFileType = file; name = "AmericanSans-Regular.ttf"; path = "../AmericanSans-Regular.ttf"; sourceTree = "<group>"; };
		330632B81DC3978C004ADEB7 /* UILabel+LineSpacing.swift */ = {isa = PBXFileReference; fileEncoding = 4; lastKnownFileType = sourcecode.swift; path = "UILabel+LineSpacing.swift"; sourceTree = "<group>"; };
		330632BA1DC39FEA004ADEB7 /* splashTwoVC.swift */ = {isa = PBXFileReference; fileEncoding = 4; lastKnownFileType = sourcecode.swift; path = splashTwoVC.swift; sourceTree = "<group>"; };
		330632BC1DC3A052004ADEB7 /* splashThreeVC.swift */ = {isa = PBXFileReference; fileEncoding = 4; lastKnownFileType = sourcecode.swift; path = splashThreeVC.swift; sourceTree = "<group>"; };
		330632BE1DC3A0DA004ADEB7 /* splashFourVC.swift */ = {isa = PBXFileReference; fileEncoding = 4; lastKnownFileType = sourcecode.swift; path = splashFourVC.swift; sourceTree = "<group>"; };
		330632C01DC3A15C004ADEB7 /* splashFiveVC.swift */ = {isa = PBXFileReference; fileEncoding = 4; lastKnownFileType = sourcecode.swift; path = splashFiveVC.swift; sourceTree = "<group>"; };
		330632C21DC3A1B7004ADEB7 /* splashSixVC.swift */ = {isa = PBXFileReference; fileEncoding = 4; lastKnownFileType = sourcecode.swift; path = splashSixVC.swift; sourceTree = "<group>"; };
		330632C41DC3A216004ADEB7 /* splashSevenVC.swift */ = {isa = PBXFileReference; fileEncoding = 4; lastKnownFileType = sourcecode.swift; path = splashSevenVC.swift; sourceTree = "<group>"; };
		330632C61DC3A278004ADEB7 /* splashEightVC.swift */ = {isa = PBXFileReference; fileEncoding = 4; lastKnownFileType = sourcecode.swift; path = splashEightVC.swift; sourceTree = "<group>"; };
		330632C81DC77F0F004ADEB7 /* countriesListTVC.swift */ = {isa = PBXFileReference; fileEncoding = 4; lastKnownFileType = sourcecode.swift; path = countriesListTVC.swift; sourceTree = "<group>"; };
		334B6E771DB9B95A002FF8B7 /* paymentDaysTVC.swift */ = {isa = PBXFileReference; fileEncoding = 4; lastKnownFileType = sourcecode.swift; path = paymentDaysTVC.swift; sourceTree = "<group>"; };
		335116B91DB99B68005FD2F4 /* autoFunctions.swift */ = {isa = PBXFileReference; fileEncoding = 4; lastKnownFileType = sourcecode.swift; path = autoFunctions.swift; sourceTree = "<group>"; };
		335116BB1DB99BDE005FD2F4 /* UIView+TextFieldDelegate.swift */ = {isa = PBXFileReference; fileEncoding = 4; lastKnownFileType = sourcecode.swift; path = "UIView+TextFieldDelegate.swift"; sourceTree = "<group>"; };
		3363F74A1DBE5E8400F375F3 /* paperlessDisclosuresVC.swift */ = {isa = PBXFileReference; fileEncoding = 4; lastKnownFileType = sourcecode.swift; path = paperlessDisclosuresVC.swift; sourceTree = "<group>"; };
		3363F74C1DBE7ED600F375F3 /* paperlessStatementsVC.swift */ = {isa = PBXFileReference; fileEncoding = 4; lastKnownFileType = sourcecode.swift; path = paperlessStatementsVC.swift; sourceTree = "<group>"; };
		3363F74E1DBE8CE200F375F3 /* customNavigationBar.swift */ = {isa = PBXFileReference; fileEncoding = 4; lastKnownFileType = sourcecode.swift; path = customNavigationBar.swift; sourceTree = "<group>"; };
		3363F7501DBFA4D200F375F3 /* customNavigationController.swift */ = {isa = PBXFileReference; fileEncoding = 4; lastKnownFileType = sourcecode.swift; path = customNavigationController.swift; sourceTree = "<group>"; };
		3363F7521DBFD62C00F375F3 /* UIView+SuccessScreen.swift */ = {isa = PBXFileReference; fileEncoding = 4; lastKnownFileType = sourcecode.swift; path = "UIView+SuccessScreen.swift"; sourceTree = "<group>"; };
		3363F7541DBFE5B900F375F3 /* UIViewControllerBaseClass.swift */ = {isa = PBXFileReference; fileEncoding = 4; lastKnownFileType = sourcecode.swift; path = UIViewControllerBaseClass.swift; sourceTree = "<group>"; };
		3363F7571DC0F36800F375F3 /* touchIDSettingsVC.swift */ = {isa = PBXFileReference; fileEncoding = 4; lastKnownFileType = sourcecode.swift; path = touchIDSettingsVC.swift; sourceTree = "<group>"; };
		3363F75A1DC0F5F800F375F3 /* ficoSettingsVC.swift */ = {isa = PBXFileReference; fileEncoding = 4; lastKnownFileType = sourcecode.swift; path = ficoSettingsVC.swift; sourceTree = "<group>"; };
		3363F75C1DC10C3E00F375F3 /* customColors.swift */ = {isa = PBXFileReference; fileEncoding = 4; lastKnownFileType = sourcecode.swift; path = customColors.swift; sourceTree = "<group>"; };
		337D04981DBBE338001AAABF /* splashOneVC.swift */ = {isa = PBXFileReference; fileEncoding = 4; lastKnownFileType = sourcecode.swift; path = splashOneVC.swift; sourceTree = "<group>"; };
		3382AFD61DD4C6110078E8C8 /* servicingSettingsVC.swift */ = {isa = PBXFileReference; fileEncoding = 4; lastKnownFileType = sourcecode.swift; path = servicingSettingsVC.swift; sourceTree = "<group>"; };
		33C9DDC71DB6597700D29065 /* AA-tableview-version-1.app */ = {isa = PBXFileReference; explicitFileType = wrapper.application; includeInIndex = 0; path = "AA-tableview-version-1.app"; sourceTree = BUILT_PRODUCTS_DIR; };
		33C9DDCA1DB6597700D29065 /* AppDelegate.swift */ = {isa = PBXFileReference; lastKnownFileType = sourcecode.swift; path = AppDelegate.swift; sourceTree = "<group>"; };
		33C9DDCC1DB6597700D29065 /* MainViewController.swift */ = {isa = PBXFileReference; lastKnownFileType = sourcecode.swift; path = MainViewController.swift; sourceTree = "<group>"; };
		33C9DDCF1DB6597700D29065 /* Base */ = {isa = PBXFileReference; lastKnownFileType = file.storyboard; name = Base; path = Base.lproj/Main.storyboard; sourceTree = "<group>"; };
		33C9DDD11DB6597700D29065 /* Assets.xcassets */ = {isa = PBXFileReference; lastKnownFileType = folder.assetcatalog; path = Assets.xcassets; sourceTree = "<group>"; };
		33C9DDD41DB6597700D29065 /* Base */ = {isa = PBXFileReference; lastKnownFileType = file.storyboard; name = Base; path = Base.lproj/LaunchScreen.storyboard; sourceTree = "<group>"; };
		33C9DDD61DB6597700D29065 /* Info.plist */ = {isa = PBXFileReference; lastKnownFileType = text.plist.xml; path = Info.plist; sourceTree = "<group>"; };
		33C9DDDC1DB65CF900D29065 /* primaryEnabledUIButton.swift */ = {isa = PBXFileReference; fileEncoding = 4; lastKnownFileType = sourcecode.swift; name = primaryEnabledUIButton.swift; path = "../../AA-App/AA-App/primaryEnabledUIButton.swift"; sourceTree = "<group>"; };
		33C9DDE01DB67DDB00D29065 /* fullNameUITableViewCell.swift */ = {isa = PBXFileReference; fileEncoding = 4; lastKnownFileType = sourcecode.swift; path = fullNameUITableViewCell.swift; sourceTree = "<group>"; };
		33C9DDE11DB67DDB00D29065 /* fullNameUITableViewCell.xib */ = {isa = PBXFileReference; fileEncoding = 4; lastKnownFileType = file.xib; path = fullNameUITableViewCell.xib; sourceTree = "<group>"; };
		33C9DDE51DB6825B00D29065 /* formUITextField.swift */ = {isa = PBXFileReference; fileEncoding = 4; lastKnownFileType = sourcecode.swift; name = formUITextField.swift; path = "../../AA-App/AA-App/formUITextField.swift"; sourceTree = "<group>"; };
		33C9DDEA1DB691C300D29065 /* fullNameUIViewController.swift */ = {isa = PBXFileReference; fileEncoding = 4; lastKnownFileType = sourcecode.swift; path = fullNameUIViewController.swift; sourceTree = "<group>"; };
		33C9DDEC1DB6C07C00D29065 /* dobUITableViewCell.swift */ = {isa = PBXFileReference; fileEncoding = 4; lastKnownFileType = sourcecode.swift; path = dobUITableViewCell.swift; sourceTree = "<group>"; };
		33C9DDED1DB6C07C00D29065 /* dobUITableViewCell.xib */ = {isa = PBXFileReference; fileEncoding = 4; lastKnownFileType = file.xib; path = dobUITableViewCell.xib; sourceTree = "<group>"; };
		33C9DDF21DB6EB8200D29065 /* relationshipUITableViewCell.swift */ = {isa = PBXFileReference; fileEncoding = 4; lastKnownFileType = sourcecode.swift; path = relationshipUITableViewCell.swift; sourceTree = "<group>"; };
		33C9DDF31DB6EB8200D29065 /* relationshipUITableViewCell.xib */ = {isa = PBXFileReference; fileEncoding = 4; lastKnownFileType = file.xib; path = relationshipUITableViewCell.xib; sourceTree = "<group>"; };
		33C9DDF61DB7120300D29065 /* relationshipUITableViewController.swift */ = {isa = PBXFileReference; fileEncoding = 4; lastKnownFileType = sourcecode.swift; path = relationshipUITableViewController.swift; sourceTree = "<group>"; };
		33C9DDFB1DB79FB800D29065 /* citizenUITableViewCell.swift */ = {isa = PBXFileReference; fileEncoding = 4; lastKnownFileType = sourcecode.swift; path = citizenUITableViewCell.swift; sourceTree = "<group>"; };
		33C9DDFC1DB79FB800D29065 /* citizenUITableViewCell.xib */ = {isa = PBXFileReference; fileEncoding = 4; lastKnownFileType = file.xib; path = citizenUITableViewCell.xib; sourceTree = "<group>"; };
		33C9DDFF1DB7A58F00D29065 /* addressUITableViewCell.swift */ = {isa = PBXFileReference; fileEncoding = 4; lastKnownFileType = sourcecode.swift; path = addressUITableViewCell.swift; sourceTree = "<group>"; };
		33C9DE001DB7A58F00D29065 /* addressUITableViewCell.xib */ = {isa = PBXFileReference; fileEncoding = 4; lastKnownFileType = file.xib; path = addressUITableViewCell.xib; sourceTree = "<group>"; };
		33C9DE031DB7B02300D29065 /* pillLightUIButton.swift */ = {isa = PBXFileReference; fileEncoding = 4; lastKnownFileType = sourcecode.swift; path = pillLightUIButton.swift; sourceTree = "<group>"; };
		33C9DE081DB828B500D29065 /* btnBottomUIButton.swift */ = {isa = PBXFileReference; fileEncoding = 4; lastKnownFileType = sourcecode.swift; path = btnBottomUIButton.swift; sourceTree = "<group>"; };
		33C9DE0A1DB82CE900D29065 /* delayedSuccessScreen.swift */ = {isa = PBXFileReference; fileEncoding = 4; lastKnownFileType = sourcecode.swift; path = delayedSuccessScreen.swift; sourceTree = "<group>"; };
		33C9DE0D1DB92AE200D29065 /* repeatPaymentsUIViewController.swift */ = {isa = PBXFileReference; fileEncoding = 4; lastKnownFileType = sourcecode.swift; path = repeatPaymentsUIViewController.swift; sourceTree = "<group>"; };
		33C9DE101DB92EFA00D29065 /* whichAccountTableViewCell.swift */ = {isa = PBXFileReference; fileEncoding = 4; lastKnownFileType = sourcecode.swift; path = whichAccountTableViewCell.swift; sourceTree = "<group>"; };
		33C9DE111DB92EFA00D29065 /* whichAccountTableViewCell.xib */ = {isa = PBXFileReference; fileEncoding = 4; lastKnownFileType = file.xib; path = whichAccountTableViewCell.xib; sourceTree = "<group>"; };
		33C9DE141DB933CA00D29065 /* amountTableViewCell.swift */ = {isa = PBXFileReference; fileEncoding = 4; lastKnownFileType = sourcecode.swift; path = amountTableViewCell.swift; sourceTree = "<group>"; };
		33C9DE151DB933CA00D29065 /* amountTableViewCell.xib */ = {isa = PBXFileReference; fileEncoding = 4; lastKnownFileType = file.xib; path = amountTableViewCell.xib; sourceTree = "<group>"; };
		33C9DE181DB9352E00D29065 /* paymentDateTableViewCell.swift */ = {isa = PBXFileReference; fileEncoding = 4; lastKnownFileType = sourcecode.swift; path = paymentDateTableViewCell.swift; sourceTree = "<group>"; };
		33C9DE191DB9352E00D29065 /* paymentDateTableViewCell.xib */ = {isa = PBXFileReference; fileEncoding = 4; lastKnownFileType = file.xib; path = paymentDateTableViewCell.xib; sourceTree = "<group>"; };
		33C9DE1C1DB9393F00D29065 /* bankAccountListTVC.swift */ = {isa = PBXFileReference; fileEncoding = 4; lastKnownFileType = sourcecode.swift; path = bankAccountListTVC.swift; sourceTree = "<group>"; };
		33C9DE1E1DB93DB700D29065 /* newAccountDetailsVC.swift */ = {isa = PBXFileReference; fileEncoding = 4; lastKnownFileType = sourcecode.swift; path = newAccountDetailsVC.swift; sourceTree = "<group>"; };
		33C9DE201DB959C600D29065 /* routingTableViewCell.swift */ = {isa = PBXFileReference; fileEncoding = 4; lastKnownFileType = sourcecode.swift; path = routingTableViewCell.swift; sourceTree = "<group>"; };
		33C9DE211DB959C600D29065 /* routingTableViewCell.xib */ = {isa = PBXFileReference; fileEncoding = 4; lastKnownFileType = file.xib; path = routingTableViewCell.xib; sourceTree = "<group>"; };
		33C9DE241DB95D9A00D29065 /* accountTableViewCell.swift */ = {isa = PBXFileReference; fileEncoding = 4; lastKnownFileType = sourcecode.swift; path = accountTableViewCell.swift; sourceTree = "<group>"; };
		33C9DE251DB95D9A00D29065 /* accountTableViewCell.xib */ = {isa = PBXFileReference; fileEncoding = 4; lastKnownFileType = file.xib; path = accountTableViewCell.xib; sourceTree = "<group>"; };
		33C9DE281DB95E8700D29065 /* reaccountTableViewCell.swift */ = {isa = PBXFileReference; fileEncoding = 4; lastKnownFileType = sourcecode.swift; path = reaccountTableViewCell.swift; sourceTree = "<group>"; };
		33C9DE291DB95E8700D29065 /* reaccountTableViewCell.xib */ = {isa = PBXFileReference; fileEncoding = 4; lastKnownFileType = file.xib; path = reaccountTableViewCell.xib; sourceTree = "<group>"; };
		33C9DE2C1DB95F6A00D29065 /* typeTableViewCell.swift */ = {isa = PBXFileReference; fileEncoding = 4; lastKnownFileType = sourcecode.swift; path = typeTableViewCell.swift; sourceTree = "<group>"; };
		33C9DE2D1DB95F6A00D29065 /* typeTableViewCell.xib */ = {isa = PBXFileReference; fileEncoding = 4; lastKnownFileType = file.xib; path = typeTableViewCell.xib; sourceTree = "<group>"; };
		33C9DE301DB960F900D29065 /* nicknameTableViewCell.swift */ = {isa = PBXFileReference; fileEncoding = 4; lastKnownFileType = sourcecode.swift; path = nicknameTableViewCell.swift; sourceTree = "<group>"; };
		33C9DE311DB960F900D29065 /* nicknameTableViewCell.xib */ = {isa = PBXFileReference; fileEncoding = 4; lastKnownFileType = file.xib; path = nicknameTableViewCell.xib; sourceTree = "<group>"; };
		33C9DE341DB9658000D29065 /* newAcctTypeTVC.swift */ = {isa = PBXFileReference; fileEncoding = 4; lastKnownFileType = sourcecode.swift; path = newAcctTypeTVC.swift; sourceTree = "<group>"; };
		33C9DE361DB96E5700D29065 /* paymentAmountsTVC.swift */ = {isa = PBXFileReference; fileEncoding = 4; lastKnownFileType = sourcecode.swift; path = paymentAmountsTVC.swift; sourceTree = "<group>"; };
		33DF97AD1DCA5ED600329650 /* maxLengthTextField.swift */ = {isa = PBXFileReference; fileEncoding = 4; lastKnownFileType = sourcecode.swift; path = maxLengthTextField.swift; sourceTree = "<group>"; };
		33DF97AF1DCA5F3100329650 /* allowedCharsTextField.swift */ = {isa = PBXFileReference; fileEncoding = 4; lastKnownFileType = sourcecode.swift; path = allowedCharsTextField.swift; sourceTree = "<group>"; };
		33DF97B11DCB765400329650 /* TEMPTableViewController.swift */ = {isa = PBXFileReference; fileEncoding = 4; lastKnownFileType = sourcecode.swift; path = TEMPTableViewController.swift; sourceTree = "<group>"; };
		33DF97B31DCB924000329650 /* UITableViewCellSelected.swift */ = {isa = PBXFileReference; fileEncoding = 4; lastKnownFileType = sourcecode.swift; path = UITableViewCellSelected.swift; sourceTree = "<group>"; };
		33F3EFC61DBA538B00DFCFF6 /* servicingAlertsVC.swift */ = {isa = PBXFileReference; fileEncoding = 4; lastKnownFileType = sourcecode.swift; path = servicingAlertsVC.swift; sourceTree = "<group>"; };
		33F3EFC91DBA568600DFCFF6 /* servicingAlertTableViewCell.swift */ = {isa = PBXFileReference; fileEncoding = 4; lastKnownFileType = sourcecode.swift; path = servicingAlertTableViewCell.swift; sourceTree = "<group>"; };
		33F3EFCA1DBA568600DFCFF6 /* servicingAlertTableViewCell.xib */ = {isa = PBXFileReference; fileEncoding = 4; lastKnownFileType = file.xib; path = servicingAlertTableViewCell.xib; sourceTree = "<group>"; };
/* End PBXFileReference section */

/* Begin PBXFrameworksBuildPhase section */
		33C9DDC41DB6597700D29065 /* Frameworks */ = {
			isa = PBXFrameworksBuildPhase;
			buildActionMask = 2147483647;
			files = (
			);
			runOnlyForDeploymentPostprocessing = 0;
		};
/* End PBXFrameworksBuildPhase section */

/* Begin PBXGroup section */
		330632B71DC3933B004ADEB7 /* FONTS */ = {
			isa = PBXGroup;
			children = (
				330632A11DC3932F004ADEB7 /* AmericanSans-Bold.ttf */,
				330632A21DC3932F004ADEB7 /* AmericanSans-BoldItalic.ttf */,
				330632A31DC3932F004ADEB7 /* AmericanSans-Book.ttf */,
				330632A41DC3932F004ADEB7 /* AmericanSans-BookItalic.ttf */,
				330632A51DC3932F004ADEB7 /* AmericanSans-Italic.ttf */,
				330632A61DC3932F004ADEB7 /* AmericanSans-Light.ttf */,
				330632A71DC3932F004ADEB7 /* AmericanSans-LightItalic.ttf */,
				330632A81DC3932F004ADEB7 /* AmericanSans-Medium.otf */,
				330632A91DC3932F004ADEB7 /* AmericanSans-MediumItalic.otf */,
				330632AA1DC3932F004ADEB7 /* AmericanSans-Regular.otf */,
				330632AB1DC3932F004ADEB7 /* AmericanSans-Regular.ttf */,
			);
			name = FONTS;
			sourceTree = "<group>";
		};
		335116B81DB99B4A005FD2F4 /* Utilities */ = {
			isa = PBXGroup;
			children = (
				335116B91DB99B68005FD2F4 /* autoFunctions.swift */,
				335116BB1DB99BDE005FD2F4 /* UIView+TextFieldDelegate.swift */,
				330632B81DC3978C004ADEB7 /* UILabel+LineSpacing.swift */,
				3363F74E1DBE8CE200F375F3 /* customNavigationBar.swift */,
				3363F7521DBFD62C00F375F3 /* UIView+SuccessScreen.swift */,
				3363F7541DBFE5B900F375F3 /* UIViewControllerBaseClass.swift */,
				3363F75C1DC10C3E00F375F3 /* customColors.swift */,
				33DF97B31DCB924000329650 /* UITableViewCellSelected.swift */,
			);
			name = Utilities;
			sourceTree = "<group>";
		};
		3363F7491DBE5E5500F375F3 /* ViewControllers - Paperless */ = {
			isa = PBXGroup;
			children = (
				3363F74A1DBE5E8400F375F3 /* paperlessDisclosuresVC.swift */,
				3363F74C1DBE7ED600F375F3 /* paperlessStatementsVC.swift */,
			);
			name = "ViewControllers - Paperless";
			sourceTree = "<group>";
		};
		3363F7561DC0F33400F375F3 /* ViewControllers - TouchID */ = {
			isa = PBXGroup;
			children = (
				3363F7571DC0F36800F375F3 /* touchIDSettingsVC.swift */,
			);
			name = "ViewControllers - TouchID";
			sourceTree = "<group>";
		};
		3363F7591DC0F5D300F375F3 /* ViewControllers - fico */ = {
			isa = PBXGroup;
			children = (
				3363F75A1DC0F5F800F375F3 /* ficoSettingsVC.swift */,
			);
			name = "ViewControllers - fico";
			sourceTree = "<group>";
		};
		337D04971DBBE2F6001AAABF /* splash page animation classes */ = {
			isa = PBXGroup;
			children = (
				337D04981DBBE338001AAABF /* splashOneVC.swift */,
				330632BA1DC39FEA004ADEB7 /* splashTwoVC.swift */,
				330632BC1DC3A052004ADEB7 /* splashThreeVC.swift */,
				330632BE1DC3A0DA004ADEB7 /* splashFourVC.swift */,
				330632C01DC3A15C004ADEB7 /* splashFiveVC.swift */,
				330632C21DC3A1B7004ADEB7 /* splashSixVC.swift */,
				330632C41DC3A216004ADEB7 /* splashSevenVC.swift */,
				330632C61DC3A278004ADEB7 /* splashEightVC.swift */,
			);
			name = "splash page animation classes";
			sourceTree = "<group>";
		};
		33C9DDBE1DB6597700D29065 = {
			isa = PBXGroup;
			children = (
				33C9DDC91DB6597700D29065 /* AA-tableview-version-1 */,
				33C9DDC81DB6597700D29065 /* Products */,
			);
			sourceTree = "<group>";
		};
		33C9DDC81DB6597700D29065 /* Products */ = {
			isa = PBXGroup;
			children = (
				33C9DDC71DB6597700D29065 /* AA-tableview-version-1.app */,
			);
			name = Products;
			sourceTree = "<group>";
		};
		33C9DDC91DB6597700D29065 /* AA-tableview-version-1 */ = {
			isa = PBXGroup;
			children = (
				330632B71DC3933B004ADEB7 /* FONTS */,
				33C9DDCA1DB6597700D29065 /* AppDelegate.swift */,
				33C9DDCC1DB6597700D29065 /* MainViewController.swift */,
				33C9DE0A1DB82CE900D29065 /* delayedSuccessScreen.swift */,
				33C9DDCE1DB6597700D29065 /* Main.storyboard */,
				33C9DDD11DB6597700D29065 /* Assets.xcassets */,
				335116B81DB99B4A005FD2F4 /* Utilities */,
				337D04971DBBE2F6001AAABF /* splash page animation classes */,
				33C9DDF81DB7993600D29065 /* NavigationControllers */,
				33C9DDE91DB68BBC00D29065 /* ViewControllers - Add User */,
				33C9DE0C1DB92AA700D29065 /* ViewControllers - Repeat Payments */,
				33F3EFC51DBA534500DFCFF6 /* ViewControllers - Servicing Alerts */,
				3363F7491DBE5E5500F375F3 /* ViewControllers - Paperless */,
				3363F7561DC0F33400F375F3 /* ViewControllers - TouchID */,
				3363F7591DC0F5D300F375F3 /* ViewControllers - fico */,
				33C9DDDF1DB67D7F00D29065 /* Cells - Add User */,
				33C9DE0F1DB92CF100D29065 /* Cells - Repeat Payments */,
				33F3EFC81DBA564E00DFCFF6 /* Cells - Servicing Alerts */,
				33C9DDDE1DB65CFF00D29065 /* Buttons */,
				33C9DDE41DB6820B00D29065 /* TextFields */,
				33C9DDD31DB6597700D29065 /* LaunchScreen.storyboard */,
				33C9DDD61DB6597700D29065 /* Info.plist */,
			);
			path = "AA-tableview-version-1";
			sourceTree = "<group>";
		};
		33C9DDDE1DB65CFF00D29065 /* Buttons */ = {
			isa = PBXGroup;
			children = (
				33C9DDDC1DB65CF900D29065 /* primaryEnabledUIButton.swift */,
				33C9DE031DB7B02300D29065 /* pillLightUIButton.swift */,
				33C9DE081DB828B500D29065 /* btnBottomUIButton.swift */,
			);
			name = Buttons;
			sourceTree = "<group>";
		};
		33C9DDDF1DB67D7F00D29065 /* Cells - Add User */ = {
			isa = PBXGroup;
			children = (
				33C9DDE01DB67DDB00D29065 /* fullNameUITableViewCell.swift */,
				33C9DDE11DB67DDB00D29065 /* fullNameUITableViewCell.xib */,
				33C9DDEC1DB6C07C00D29065 /* dobUITableViewCell.swift */,
				33C9DDED1DB6C07C00D29065 /* dobUITableViewCell.xib */,
				33C9DDF21DB6EB8200D29065 /* relationshipUITableViewCell.swift */,
				33C9DDF31DB6EB8200D29065 /* relationshipUITableViewCell.xib */,
				33C9DDFB1DB79FB800D29065 /* citizenUITableViewCell.swift */,
				33C9DDFC1DB79FB800D29065 /* citizenUITableViewCell.xib */,
				33C9DDFF1DB7A58F00D29065 /* addressUITableViewCell.swift */,
				33C9DE001DB7A58F00D29065 /* addressUITableViewCell.xib */,
			);
			name = "Cells - Add User";
			sourceTree = "<group>";
		};
		33C9DDE41DB6820B00D29065 /* TextFields */ = {
			isa = PBXGroup;
			children = (
				33DF97AD1DCA5ED600329650 /* maxLengthTextField.swift */,
				33DF97AF1DCA5F3100329650 /* allowedCharsTextField.swift */,
				33C9DDE51DB6825B00D29065 /* formUITextField.swift */,
			);
			name = TextFields;
			sourceTree = "<group>";
		};
		33C9DDE91DB68BBC00D29065 /* ViewControllers - Add User */ = {
			isa = PBXGroup;
			children = (
				33C9DDEA1DB691C300D29065 /* fullNameUIViewController.swift */,
				33C9DDF61DB7120300D29065 /* relationshipUITableViewController.swift */,
				330632C81DC77F0F004ADEB7 /* countriesListTVC.swift */,
				33DF97B11DCB765400329650 /* TEMPTableViewController.swift */,
			);
			name = "ViewControllers - Add User";
			sourceTree = "<group>";
		};
		33C9DDF81DB7993600D29065 /* NavigationControllers */ = {
			isa = PBXGroup;
			children = (
				3363F7501DBFA4D200F375F3 /* customNavigationController.swift */,
			);
			name = NavigationControllers;
			sourceTree = "<group>";
		};
		33C9DE0C1DB92AA700D29065 /* ViewControllers - Repeat Payments */ = {
			isa = PBXGroup;
			children = (
				33C9DE0D1DB92AE200D29065 /* repeatPaymentsUIViewController.swift */,
				33C9DE1C1DB9393F00D29065 /* bankAccountListTVC.swift */,
				33C9DE1E1DB93DB700D29065 /* newAccountDetailsVC.swift */,
				33C9DE341DB9658000D29065 /* newAcctTypeTVC.swift */,
				33C9DE361DB96E5700D29065 /* paymentAmountsTVC.swift */,
				334B6E771DB9B95A002FF8B7 /* paymentDaysTVC.swift */,
			);
			name = "ViewControllers - Repeat Payments";
			sourceTree = "<group>";
		};
		33C9DE0F1DB92CF100D29065 /* Cells - Repeat Payments */ = {
			isa = PBXGroup;
			children = (
				33C9DE101DB92EFA00D29065 /* whichAccountTableViewCell.swift */,
				33C9DE111DB92EFA00D29065 /* whichAccountTableViewCell.xib */,
				33C9DE141DB933CA00D29065 /* amountTableViewCell.swift */,
				33C9DE151DB933CA00D29065 /* amountTableViewCell.xib */,
				33C9DE181DB9352E00D29065 /* paymentDateTableViewCell.swift */,
				33C9DE191DB9352E00D29065 /* paymentDateTableViewCell.xib */,
				33C9DE201DB959C600D29065 /* routingTableViewCell.swift */,
				33C9DE211DB959C600D29065 /* routingTableViewCell.xib */,
				33C9DE241DB95D9A00D29065 /* accountTableViewCell.swift */,
				33C9DE251DB95D9A00D29065 /* accountTableViewCell.xib */,
				33C9DE281DB95E8700D29065 /* reaccountTableViewCell.swift */,
				33C9DE291DB95E8700D29065 /* reaccountTableViewCell.xib */,
				33C9DE2C1DB95F6A00D29065 /* typeTableViewCell.swift */,
				33C9DE2D1DB95F6A00D29065 /* typeTableViewCell.xib */,
				33C9DE301DB960F900D29065 /* nicknameTableViewCell.swift */,
				33C9DE311DB960F900D29065 /* nicknameTableViewCell.xib */,
			);
			name = "Cells - Repeat Payments";
			sourceTree = "<group>";
		};
		33F3EFC51DBA534500DFCFF6 /* ViewControllers - Servicing Alerts */ = {
			isa = PBXGroup;
			children = (
				33F3EFC61DBA538B00DFCFF6 /* servicingAlertsVC.swift */,
				3382AFD61DD4C6110078E8C8 /* servicingSettingsVC.swift */,
			);
			name = "ViewControllers - Servicing Alerts";
			sourceTree = "<group>";
		};
		33F3EFC81DBA564E00DFCFF6 /* Cells - Servicing Alerts */ = {
			isa = PBXGroup;
			children = (
				33F3EFC91DBA568600DFCFF6 /* servicingAlertTableViewCell.swift */,
				33F3EFCA1DBA568600DFCFF6 /* servicingAlertTableViewCell.xib */,
			);
			name = "Cells - Servicing Alerts";
			sourceTree = "<group>";
		};
/* End PBXGroup section */

/* Begin PBXNativeTarget section */
		33C9DDC61DB6597700D29065 /* AA-tableview-version-1 */ = {
			isa = PBXNativeTarget;
			buildConfigurationList = 33C9DDD91DB6597700D29065 /* Build configuration list for PBXNativeTarget "AA-tableview-version-1" */;
			buildPhases = (
				33C9DDC31DB6597700D29065 /* Sources */,
				33C9DDC41DB6597700D29065 /* Frameworks */,
				33C9DDC51DB6597700D29065 /* Resources */,
			);
			buildRules = (
			);
			dependencies = (
			);
			name = "AA-tableview-version-1";
			productName = "AA-tableview-version-1";
			productReference = 33C9DDC71DB6597700D29065 /* AA-tableview-version-1.app */;
			productType = "com.apple.product-type.application";
		};
/* End PBXNativeTarget section */

/* Begin PBXProject section */
		33C9DDBF1DB6597700D29065 /* Project object */ = {
			isa = PBXProject;
			attributes = {
				LastSwiftUpdateCheck = 0800;
				LastUpgradeCheck = 0800;
				ORGANIZATIONNAME = "James Wilson";
				TargetAttributes = {
					33C9DDC61DB6597700D29065 = {
						CreatedOnToolsVersion = 8.0;
						ProvisioningStyle = Automatic;
					};
				};
			};
			buildConfigurationList = 33C9DDC21DB6597700D29065 /* Build configuration list for PBXProject "AA-tableview-version-1" */;
			compatibilityVersion = "Xcode 3.2";
			developmentRegion = English;
			hasScannedForEncodings = 0;
			knownRegions = (
				en,
				Base,
			);
			mainGroup = 33C9DDBE1DB6597700D29065;
			productRefGroup = 33C9DDC81DB6597700D29065 /* Products */;
			projectDirPath = "";
			projectRoot = "";
			targets = (
				33C9DDC61DB6597700D29065 /* AA-tableview-version-1 */,
			);
		};
/* End PBXProject section */

/* Begin PBXResourcesBuildPhase section */
		33C9DDC51DB6597700D29065 /* Resources */ = {
			isa = PBXResourcesBuildPhase;
			buildActionMask = 2147483647;
			files = (
				33F3EFCC1DBA568600DFCFF6 /* servicingAlertTableViewCell.xib in Resources */,
				33C9DE231DB959C600D29065 /* routingTableViewCell.xib in Resources */,
				33C9DE271DB95D9A00D29065 /* accountTableViewCell.xib in Resources */,
				33C9DDD51DB6597700D29065 /* LaunchScreen.storyboard in Resources */,
				33C9DE331DB960F900D29065 /* nicknameTableViewCell.xib in Resources */,
				330632B41DC3932F004ADEB7 /* AmericanSans-MediumItalic.otf in Resources */,
				33C9DE2F1DB95F6A00D29065 /* typeTableViewCell.xib in Resources */,
				33C9DDFE1DB79FB800D29065 /* citizenUITableViewCell.xib in Resources */,
				330632B61DC3932F004ADEB7 /* AmericanSans-Regular.ttf in Resources */,
				33C9DE021DB7A58F00D29065 /* addressUITableViewCell.xib in Resources */,
				330632B31DC3932F004ADEB7 /* AmericanSans-Medium.otf in Resources */,
				330632B21DC3932F004ADEB7 /* AmericanSans-LightItalic.ttf in Resources */,
				330632AF1DC3932F004ADEB7 /* AmericanSans-BookItalic.ttf in Resources */,
				33C9DDE31DB67DDB00D29065 /* fullNameUITableViewCell.xib in Resources */,
				33C9DDEF1DB6C07C00D29065 /* dobUITableViewCell.xib in Resources */,
				33C9DDD21DB6597700D29065 /* Assets.xcassets in Resources */,
				33C9DE1B1DB9352E00D29065 /* paymentDateTableViewCell.xib in Resources */,
				33C9DE131DB92EFA00D29065 /* whichAccountTableViewCell.xib in Resources */,
				33C9DE171DB933CB00D29065 /* amountTableViewCell.xib in Resources */,
				330632B01DC3932F004ADEB7 /* AmericanSans-Italic.ttf in Resources */,
				330632B11DC3932F004ADEB7 /* AmericanSans-Light.ttf in Resources */,
				330632B51DC3932F004ADEB7 /* AmericanSans-Regular.otf in Resources */,
				330632AC1DC3932F004ADEB7 /* AmericanSans-Bold.ttf in Resources */,
				330632AD1DC3932F004ADEB7 /* AmericanSans-BoldItalic.ttf in Resources */,
				33C9DDD01DB6597700D29065 /* Main.storyboard in Resources */,
				33C9DE2B1DB95E8700D29065 /* reaccountTableViewCell.xib in Resources */,
				330632AE1DC3932F004ADEB7 /* AmericanSans-Book.ttf in Resources */,
				33C9DDF51DB6EB8200D29065 /* relationshipUITableViewCell.xib in Resources */,
			);
			runOnlyForDeploymentPostprocessing = 0;
		};
/* End PBXResourcesBuildPhase section */

/* Begin PBXSourcesBuildPhase section */
		33C9DDC31DB6597700D29065 /* Sources */ = {
			isa = PBXSourcesBuildPhase;
			buildActionMask = 2147483647;
			files = (
				3382AFD71DD4C6110078E8C8 /* servicingSettingsVC.swift in Sources */,
				3363F7551DBFE5B900F375F3 /* UIViewControllerBaseClass.swift in Sources */,
				33F3EFC71DBA538B00DFCFF6 /* servicingAlertsVC.swift in Sources */,
				330632BF1DC3A0DA004ADEB7 /* splashFourVC.swift in Sources */,
				330632C31DC3A1B7004ADEB7 /* splashSixVC.swift in Sources */,
				3363F75D1DC10C3E00F375F3 /* customColors.swift in Sources */,
				33C9DDEE1DB6C07C00D29065 /* dobUITableViewCell.swift in Sources */,
				33C9DDEB1DB691C300D29065 /* fullNameUIViewController.swift in Sources */,
				33C9DE371DB96E5700D29065 /* paymentAmountsTVC.swift in Sources */,
				33C9DE221DB959C600D29065 /* routingTableViewCell.swift in Sources */,
				337D04991DBBE338001AAABF /* splashOneVC.swift in Sources */,
				33C9DE1F1DB93DB700D29065 /* newAccountDetailsVC.swift in Sources */,
				334B6E781DB9B95A002FF8B7 /* paymentDaysTVC.swift in Sources */,
				330632C11DC3A15C004ADEB7 /* splashFiveVC.swift in Sources */,
				33C9DE0E1DB92AE200D29065 /* repeatPaymentsUIViewController.swift in Sources */,
				33C9DE011DB7A58F00D29065 /* addressUITableViewCell.swift in Sources */,
				330632C51DC3A216004ADEB7 /* splashSevenVC.swift in Sources */,
				335116BC1DB99BDE005FD2F4 /* UIView+TextFieldDelegate.swift in Sources */,
				33DF97B21DCB765400329650 /* TEMPTableViewController.swift in Sources */,
				3363F7581DC0F36800F375F3 /* touchIDSettingsVC.swift in Sources */,
				33C9DE0B1DB82CE900D29065 /* delayedSuccessScreen.swift in Sources */,
				33C9DE321DB960F900D29065 /* nicknameTableViewCell.swift in Sources */,
				33C9DDDD1DB65CF900D29065 /* primaryEnabledUIButton.swift in Sources */,
				330632C71DC3A278004ADEB7 /* splashEightVC.swift in Sources */,
				33C9DE2E1DB95F6A00D29065 /* typeTableViewCell.swift in Sources */,
				33C9DDE21DB67DDB00D29065 /* fullNameUITableViewCell.swift in Sources */,
				33C9DE1A1DB9352E00D29065 /* paymentDateTableViewCell.swift in Sources */,
				33DF97B41DCB924000329650 /* UITableViewCellSelected.swift in Sources */,
				3363F75B1DC0F5F800F375F3 /* ficoSettingsVC.swift in Sources */,
				33C9DDF71DB7120300D29065 /* relationshipUITableViewController.swift in Sources */,
				33C9DE161DB933CA00D29065 /* amountTableViewCell.swift in Sources */,
				3363F7511DBFA4D200F375F3 /* customNavigationController.swift in Sources */,
				33C9DE121DB92EFA00D29065 /* whichAccountTableViewCell.swift in Sources */,
				3363F74F1DBE8CE200F375F3 /* customNavigationBar.swift in Sources */,
				3363F7531DBFD62C00F375F3 /* UIView+SuccessScreen.swift in Sources */,
				33C9DDE61DB6825B00D29065 /* formUITextField.swift in Sources */,
				33C9DE091DB828B500D29065 /* btnBottomUIButton.swift in Sources */,
				335116BA1DB99B68005FD2F4 /* autoFunctions.swift in Sources */,
				33C9DDCD1DB6597700D29065 /* MainViewController.swift in Sources */,
				33DF97AE1DCA5ED600329650 /* maxLengthTextField.swift in Sources */,
				33C9DDFD1DB79FB800D29065 /* citizenUITableViewCell.swift in Sources */,
				33C9DE041DB7B02300D29065 /* pillLightUIButton.swift in Sources */,
				3363F74B1DBE5E8400F375F3 /* paperlessDisclosuresVC.swift in Sources */,
				33C9DE261DB95D9A00D29065 /* accountTableViewCell.swift in Sources */,
				33C9DDCB1DB6597700D29065 /* AppDelegate.swift in Sources */,
				3363F74D1DBE7ED600F375F3 /* paperlessStatementsVC.swift in Sources */,
				33C9DE1D1DB9393F00D29065 /* bankAccountListTVC.swift in Sources */,
				33C9DE2A1DB95E8700D29065 /* reaccountTableViewCell.swift in Sources */,
				330632BD1DC3A052004ADEB7 /* splashThreeVC.swift in Sources */,
				33F3EFCB1DBA568600DFCFF6 /* servicingAlertTableViewCell.swift in Sources */,
				330632B91DC3978C004ADEB7 /* UILabel+LineSpacing.swift in Sources */,
				33C9DE351DB9658000D29065 /* newAcctTypeTVC.swift in Sources */,
				33C9DDF41DB6EB8200D29065 /* relationshipUITableViewCell.swift in Sources */,
				330632C91DC77F0F004ADEB7 /* countriesListTVC.swift in Sources */,
				330632BB1DC39FEA004ADEB7 /* splashTwoVC.swift in Sources */,
				33DF97B01DCA5F3100329650 /* allowedCharsTextField.swift in Sources */,
			);
			runOnlyForDeploymentPostprocessing = 0;
		};
/* End PBXSourcesBuildPhase section */

/* Begin PBXVariantGroup section */
		33C9DDCE1DB6597700D29065 /* Main.storyboard */ = {
			isa = PBXVariantGroup;
			children = (
				33C9DDCF1DB6597700D29065 /* Base */,
			);
			name = Main.storyboard;
			sourceTree = "<group>";
		};
		33C9DDD31DB6597700D29065 /* LaunchScreen.storyboard */ = {
			isa = PBXVariantGroup;
			children = (
				33C9DDD41DB6597700D29065 /* Base */,
			);
			name = LaunchScreen.storyboard;
			sourceTree = "<group>";
		};
/* End PBXVariantGroup section */

/* Begin XCBuildConfiguration section */
		33C9DDD71DB6597700D29065 /* Debug */ = {
			isa = XCBuildConfiguration;
			buildSettings = {
				ALWAYS_SEARCH_USER_PATHS = NO;
				CLANG_ANALYZER_NONNULL = YES;
				CLANG_CXX_LANGUAGE_STANDARD = "gnu++0x";
				CLANG_CXX_LIBRARY = "libc++";
				CLANG_ENABLE_MODULES = YES;
				CLANG_ENABLE_OBJC_ARC = YES;
				CLANG_WARN_BOOL_CONVERSION = YES;
				CLANG_WARN_CONSTANT_CONVERSION = YES;
				CLANG_WARN_DIRECT_OBJC_ISA_USAGE = YES_ERROR;
				CLANG_WARN_DOCUMENTATION_COMMENTS = YES;
				CLANG_WARN_EMPTY_BODY = YES;
				CLANG_WARN_ENUM_CONVERSION = YES;
				CLANG_WARN_INFINITE_RECURSION = YES;
				CLANG_WARN_INT_CONVERSION = YES;
				CLANG_WARN_OBJC_ROOT_CLASS = YES_ERROR;
				CLANG_WARN_SUSPICIOUS_MOVES = YES;
				CLANG_WARN_UNREACHABLE_CODE = YES;
				CLANG_WARN__DUPLICATE_METHOD_MATCH = YES;
				"CODE_SIGN_IDENTITY[sdk=iphoneos*]" = "iPhone Developer";
				COPY_PHASE_STRIP = NO;
				DEBUG_INFORMATION_FORMAT = dwarf;
				ENABLE_STRICT_OBJC_MSGSEND = YES;
				ENABLE_TESTABILITY = YES;
				GCC_C_LANGUAGE_STANDARD = gnu99;
				GCC_DYNAMIC_NO_PIC = NO;
				GCC_NO_COMMON_BLOCKS = YES;
				GCC_OPTIMIZATION_LEVEL = 0;
				GCC_PREPROCESSOR_DEFINITIONS = (
					"DEBUG=1",
					"$(inherited)",
				);
				GCC_WARN_64_TO_32_BIT_CONVERSION = YES;
				GCC_WARN_ABOUT_RETURN_TYPE = YES_ERROR;
				GCC_WARN_UNDECLARED_SELECTOR = YES;
				GCC_WARN_UNINITIALIZED_AUTOS = YES_AGGRESSIVE;
				GCC_WARN_UNUSED_FUNCTION = YES;
				GCC_WARN_UNUSED_VARIABLE = YES;
				IPHONEOS_DEPLOYMENT_TARGET = 10.0;
				MTL_ENABLE_DEBUG_INFO = YES;
				ONLY_ACTIVE_ARCH = YES;
				SDKROOT = iphoneos;
				SWIFT_ACTIVE_COMPILATION_CONDITIONS = DEBUG;
				SWIFT_OPTIMIZATION_LEVEL = "-Onone";
				TARGETED_DEVICE_FAMILY = "1,2";
			};
			name = Debug;
		};
		33C9DDD81DB6597700D29065 /* Release */ = {
			isa = XCBuildConfiguration;
			buildSettings = {
				ALWAYS_SEARCH_USER_PATHS = NO;
				CLANG_ANALYZER_NONNULL = YES;
				CLANG_CXX_LANGUAGE_STANDARD = "gnu++0x";
				CLANG_CXX_LIBRARY = "libc++";
				CLANG_ENABLE_MODULES = YES;
				CLANG_ENABLE_OBJC_ARC = YES;
				CLANG_WARN_BOOL_CONVERSION = YES;
				CLANG_WARN_CONSTANT_CONVERSION = YES;
				CLANG_WARN_DIRECT_OBJC_ISA_USAGE = YES_ERROR;
				CLANG_WARN_DOCUMENTATION_COMMENTS = YES;
				CLANG_WARN_EMPTY_BODY = YES;
				CLANG_WARN_ENUM_CONVERSION = YES;
				CLANG_WARN_INFINITE_RECURSION = YES;
				CLANG_WARN_INT_CONVERSION = YES;
				CLANG_WARN_OBJC_ROOT_CLASS = YES_ERROR;
				CLANG_WARN_SUSPICIOUS_MOVES = YES;
				CLANG_WARN_UNREACHABLE_CODE = YES;
				CLANG_WARN__DUPLICATE_METHOD_MATCH = YES;
				"CODE_SIGN_IDENTITY[sdk=iphoneos*]" = "iPhone Developer";
				COPY_PHASE_STRIP = NO;
				DEBUG_INFORMATION_FORMAT = "dwarf-with-dsym";
				ENABLE_NS_ASSERTIONS = NO;
				ENABLE_STRICT_OBJC_MSGSEND = YES;
				GCC_C_LANGUAGE_STANDARD = gnu99;
				GCC_NO_COMMON_BLOCKS = YES;
				GCC_WARN_64_TO_32_BIT_CONVERSION = YES;
				GCC_WARN_ABOUT_RETURN_TYPE = YES_ERROR;
				GCC_WARN_UNDECLARED_SELECTOR = YES;
				GCC_WARN_UNINITIALIZED_AUTOS = YES_AGGRESSIVE;
				GCC_WARN_UNUSED_FUNCTION = YES;
				GCC_WARN_UNUSED_VARIABLE = YES;
				IPHONEOS_DEPLOYMENT_TARGET = 10.0;
				MTL_ENABLE_DEBUG_INFO = NO;
				SDKROOT = iphoneos;
				SWIFT_OPTIMIZATION_LEVEL = "-Owholemodule";
				TARGETED_DEVICE_FAMILY = "1,2";
				VALIDATE_PRODUCT = YES;
			};
			name = Release;
		};
		33C9DDDA1DB6597700D29065 /* Debug */ = {
			isa = XCBuildConfiguration;
			buildSettings = {
				ASSETCATALOG_COMPILER_APPICON_NAME = AppIcon;
				INFOPLIST_FILE = "AA-tableview-version-1/Info.plist";
				LD_RUNPATH_SEARCH_PATHS = "$(inherited) @executable_path/Frameworks";
				PRODUCT_BUNDLE_IDENTIFIER = "com.nwb.AA-tableview-version-1";
				PRODUCT_NAME = "$(TARGET_NAME)";
				SWIFT_VERSION = 3.0;
			};
			name = Debug;
		};
		33C9DDDB1DB6597700D29065 /* Release */ = {
			isa = XCBuildConfiguration;
			buildSettings = {
				ASSETCATALOG_COMPILER_APPICON_NAME = AppIcon;
				INFOPLIST_FILE = "AA-tableview-version-1/Info.plist";
				LD_RUNPATH_SEARCH_PATHS = "$(inherited) @executable_path/Frameworks";
				PRODUCT_BUNDLE_IDENTIFIER = "com.nwb.AA-tableview-version-1";
				PRODUCT_NAME = "$(TARGET_NAME)";
				SWIFT_VERSION = 3.0;
			};
			name = Release;
		};
/* End XCBuildConfiguration section */

/* Begin XCConfigurationList section */
		33C9DDC21DB6597700D29065 /* Build configuration list for PBXProject "AA-tableview-version-1" */ = {
			isa = XCConfigurationList;
			buildConfigurations = (
				33C9DDD71DB6597700D29065 /* Debug */,
				33C9DDD81DB6597700D29065 /* Release */,
			);
			defaultConfigurationIsVisible = 0;
			defaultConfigurationName = Release;
		};
		33C9DDD91DB6597700D29065 /* Build configuration list for PBXNativeTarget "AA-tableview-version-1" */ = {
			isa = XCConfigurationList;
			buildConfigurations = (
				33C9DDDA1DB6597700D29065 /* Debug */,
				33C9DDDB1DB6597700D29065 /* Release */,
			);
			defaultConfigurationIsVisible = 0;
			defaultConfigurationName = Release;
		};
/* End XCConfigurationList section */
	};
	rootObject = 33C9DDBF1DB6597700D29065 /* Project object */;
}
